
Microsoft Visual Studio Solution File, Format Version 12.00
# Visual Studio Version 17
VisualStudioVersion = 17.10.35013.160
MinimumVisualStudioVersion = 10.0.40219.1
Project("{9A19103F-16F7-4668-BE54-9A1E7A4F7556}") = "Zamdau", "Zamdau\Zamdau.csproj", "{CCB71886-9715-441E-90CF-69495E8A4A5E}"
EndProject
Project("{9A19103F-16F7-4668-BE54-9A1E7A4F7556}") = "API_Zamdau", "API_Zamdau\API_Zamdau.csproj", "{7BDFD77B-2D9D-4892-A91E-FF0EEB8044F9}"
EndProject
Global
	GlobalSection(SolutionConfigurationPlatforms) = preSolution
		Debug|Any CPU = Debug|Any CPU
		Release|Any CPU = Release|Any CPU
	EndGlobalSection
	GlobalSection(ProjectConfigurationPlatforms) = postSolution
		{CCB71886-9715-441E-90CF-69495E8A4A5E}.Debug|Any CPU.ActiveCfg = Debug|Any CPU
		{CCB71886-9715-441E-90CF-69495E8A4A5E}.Debug|Any CPU.Build.0 = Debug|Any CPU
		{CCB71886-9715-441E-90CF-69495E8A4A5E}.Release|Any CPU.ActiveCfg = Release|Any CPU
		{CCB71886-9715-441E-90CF-69495E8A4A5E}.Release|Any CPU.Build.0 = Release|Any CPU
		{7BDFD77B-2D9D-4892-A91E-FF0EEB8044F9}.Debug|Any CPU.ActiveCfg = Debug|Any CPU
		{7BDFD77B-2D9D-4892-A91E-FF0EEB8044F9}.Debug|Any CPU.Build.0 = Debug|Any CPU
		{7BDFD77B-2D9D-4892-A91E-FF0EEB8044F9}.Release|Any CPU.ActiveCfg = Release|Any CPU
		{7BDFD77B-2D9D-4892-A91E-FF0EEB8044F9}.Release|Any CPU.Build.0 = Release|Any CPU
	EndGlobalSection
	GlobalSection(SolutionProperties) = preSolution
		HideSolutionNode = FALSE
	EndGlobalSection
	GlobalSection(ExtensibilityGlobals) = postSolution
		SolutionGuid = {87AC028F-A972-4D54-B769-EB72C6941AE4}
	EndGlobalSection
EndGlobal
